// !$*UTF8*$!
{
	archiveVersion = 1;
	classes = {
	};
	objectVersion = 56;
	objects = {

/* Begin PBXBuildFile section */
		CE1CF4C22974E57A00259F96 /* main.swift in Sources */ = {isa = PBXBuildFile; fileRef = CE1CF4C12974E57A00259F96 /* main.swift */; };
		CE1DD1DA29750B9200A9ACB0 /* Command.swift in Sources */ = {isa = PBXBuildFile; fileRef = CE1DD1D929750B9200A9ACB0 /* Command.swift */; };
		CE1DD1DC29750B9A00A9ACB0 /* EnterCommand.swift in Sources */ = {isa = PBXBuildFile; fileRef = CE1DD1DB29750B9A00A9ACB0 /* EnterCommand.swift */; };
		CE1DD1DE29750BA700A9ACB0 /* PrintCommand.swift in Sources */ = {isa = PBXBuildFile; fileRef = CE1DD1DD29750BA700A9ACB0 /* PrintCommand.swift */; };
		CE1DD1E029750BAD00A9ACB0 /* TabCommand.swift in Sources */ = {isa = PBXBuildFile; fileRef = CE1DD1DF29750BAD00A9ACB0 /* TabCommand.swift */; };
		CE1DD1E229750BB100A9ACB0 /* DecorationCommand.swift in Sources */ = {isa = PBXBuildFile; fileRef = CE1DD1E129750BB100A9ACB0 /* DecorationCommand.swift */; };
		CE1DD1E429750F0B00A9ACB0 /* CommandGroup.swift in Sources */ = {isa = PBXBuildFile; fileRef = CE1DD1E329750F0B00A9ACB0 /* CommandGroup.swift */; };
/* End PBXBuildFile section */

/* Begin PBXCopyFilesBuildPhase section */
		CE1CF4BC2974E57A00259F96 /* CopyFiles */ = {
			isa = PBXCopyFilesBuildPhase;
			buildActionMask = 2147483647;
			dstPath = /usr/share/man/man1/;
			dstSubfolderSpec = 0;
			files = (
			);
			runOnlyForDeploymentPostprocessing = 1;
		};
/* End PBXCopyFilesBuildPhase section */

/* Begin PBXFileReference section */
		CE1CF4BE2974E57A00259F96 /* Command */ = {isa = PBXFileReference; explicitFileType = "compiled.mach-o.executable"; includeInIndex = 0; path = Command; sourceTree = BUILT_PRODUCTS_DIR; };
		CE1CF4C12974E57A00259F96 /* main.swift */ = {isa = PBXFileReference; lastKnownFileType = sourcecode.swift; path = main.swift; sourceTree = "<group>"; };
		CE1DD1D929750B9200A9ACB0 /* Command.swift */ = {isa = PBXFileReference; lastKnownFileType = sourcecode.swift; path = Command.swift; sourceTree = "<group>"; };
		CE1DD1DB29750B9A00A9ACB0 /* EnterCommand.swift */ = {isa = PBXFileReference; lastKnownFileType = sourcecode.swift; path = EnterCommand.swift; sourceTree = "<group>"; };
		CE1DD1DD29750BA700A9ACB0 /* PrintCommand.swift */ = {isa = PBXFileReference; lastKnownFileType = sourcecode.swift; path = PrintCommand.swift; sourceTree = "<group>"; };
		CE1DD1DF29750BAD00A9ACB0 /* TabCommand.swift */ = {isa = PBXFileReference; lastKnownFileType = sourcecode.swift; path = TabCommand.swift; sourceTree = "<group>"; };
		CE1DD1E129750BB100A9ACB0 /* DecorationCommand.swift */ = {isa = PBXFileReference; lastKnownFileType = sourcecode.swift; path = DecorationCommand.swift; sourceTree = "<group>"; };
		CE1DD1E329750F0B00A9ACB0 /* CommandGroup.swift */ = {isa = PBXFileReference; lastKnownFileType = sourcecode.swift; path = CommandGroup.swift; sourceTree = "<group>"; };
/* End PBXFileReference section */

/* Begin PBXFrameworksBuildPhase section */
		CE1CF4BB2974E57A00259F96 /* Frameworks */ = {
			isa = PBXFrameworksBuildPhase;
			buildActionMask = 2147483647;
			files = (
			);
			runOnlyForDeploymentPostprocessing = 0;
		};
/* End PBXFrameworksBuildPhase section */

/* Begin PBXGroup section */
		CE1CF4B52974E57A00259F96 = {
			isa = PBXGroup;
			children = (
				CE1CF4C02974E57A00259F96 /* Command */,
				CE1CF4BF2974E57A00259F96 /* Products */,
			);
			sourceTree = "<group>";
		};
		CE1CF4BF2974E57A00259F96 /* Products */ = {
			isa = PBXGroup;
			children = (
				CE1CF4BE2974E57A00259F96 /* Command */,
			);
			name = Products;
			sourceTree = "<group>";
		};
		CE1CF4C02974E57A00259F96 /* Command */ = {
			isa = PBXGroup;
			children = (
				CE1CF4C12974E57A00259F96 /* main.swift */,
				CE1DD1D929750B9200A9ACB0 /* Command.swift */,
				CE1DD1DB29750B9A00A9ACB0 /* EnterCommand.swift */,
				CE1DD1DD29750BA700A9ACB0 /* PrintCommand.swift */,
				CE1DD1DF29750BAD00A9ACB0 /* TabCommand.swift */,
				CE1DD1E129750BB100A9ACB0 /* DecorationCommand.swift */,
				CE1DD1E329750F0B00A9ACB0 /* CommandGroup.swift */,
			);
			path = Command;
			sourceTree = "<group>";
		};
/* End PBXGroup section */

/* Begin PBXNativeTarget section */
		CE1CF4BD2974E57A00259F96 /* Command */ = {
			isa = PBXNativeTarget;
			buildConfigurationList = CE1CF4C52974E57A00259F96 /* Build configuration list for PBXNativeTarget "Command" */;
			buildPhases = (
				CE1CF4BA2974E57A00259F96 /* Sources */,
				CE1CF4BB2974E57A00259F96 /* Frameworks */,
				CE1CF4BC2974E57A00259F96 /* CopyFiles */,
			);
			buildRules = (
			);
			dependencies = (
			);
			name = Command;
			productName = Command;
			productReference = CE1CF4BE2974E57A00259F96 /* Command */;
			productType = "com.apple.product-type.tool";
		};
/* End PBXNativeTarget section */

/* Begin PBXProject section */
		CE1CF4B62974E57A00259F96 /* Project object */ = {
			isa = PBXProject;
			attributes = {
				BuildIndependentTargetsInParallel = 1;
				LastSwiftUpdateCheck = 1400;
				LastUpgradeCheck = 1400;
				TargetAttributes = {
					CE1CF4BD2974E57A00259F96 = {
						CreatedOnToolsVersion = 14.0.1;
					};
				};
			};
			buildConfigurationList = CE1CF4B92974E57A00259F96 /* Build configuration list for PBXProject "Command" */;
			compatibilityVersion = "Xcode 14.0";
			developmentRegion = en;
			hasScannedForEncodings = 0;
			knownRegions = (
				en,
				Base,
			);
			mainGroup = CE1CF4B52974E57A00259F96;
			productRefGroup = CE1CF4BF2974E57A00259F96 /* Products */;
			projectDirPath = "";
			projectRoot = "";
			targets = (
				CE1CF4BD2974E57A00259F96 /* Command */,
			);
		};
/* End PBXProject section */

/* Begin PBXSourcesBuildPhase section */
		CE1CF4BA2974E57A00259F96 /* Sources */ = {
			isa = PBXSourcesBuildPhase;
			buildActionMask = 2147483647;
			files = (
				CE1DD1DC29750B9A00A9ACB0 /* EnterCommand.swift in Sources */,
				CE1DD1DE29750BA700A9ACB0 /* PrintCommand.swift in Sources */,
				CE1CF4C22974E57A00259F96 /* main.swift in Sources */,
				CE1DD1E429750F0B00A9ACB0 /* CommandGroup.swift in Sources */,
				CE1DD1E029750BAD00A9ACB0 /* TabCommand.swift in Sources */,
				CE1DD1DA29750B9200A9ACB0 /* Command.swift in Sources */,
				CE1DD1E229750BB100A9ACB0 /* DecorationCommand.swift in Sources */,
			);
			runOnlyForDeploymentPostprocessing = 0;
		};
/* End PBXSourcesBuildPhase section */

/* Begin XCBuildConfiguration section */
		CE1CF4C32974E57A00259F96 /* Debug */ = {
			isa = XCBuildConfiguration;
			buildSettings = {
				ALWAYS_SEARCH_USER_PATHS = NO;
				CLANG_ANALYZER_NONNULL = YES;
				CLANG_ANALYZER_NUMBER_OBJECT_CONVERSION = YES_AGGRESSIVE;
				CLANG_CXX_LANGUAGE_STANDARD = "gnu++20";
				CLANG_ENABLE_MODULES = YES;
				CLANG_ENABLE_OBJC_ARC = YES;
				CLANG_ENABLE_OBJC_WEAK = YES;
				CLANG_WARN_BLOCK_CAPTURE_AUTORELEASING = YES;
				CLANG_WARN_BOOL_CONVERSION = YES;
				CLANG_WARN_COMMA = YES;
				CLANG_WARN_CONSTANT_CONVERSION = YES;
				CLANG_WARN_DEPRECATED_OBJC_IMPLEMENTATIONS = YES;
				CLANG_WARN_DIRECT_OBJC_ISA_USAGE = YES_ERROR;
				CLANG_WARN_DOCUMENTATION_COMMENTS = YES;
				CLANG_WARN_EMPTY_BODY = YES;
				CLANG_WARN_ENUM_CONVERSION = YES;
				CLANG_WARN_INFINITE_RECURSION = YES;
				CLANG_WARN_INT_CONVERSION = YES;
				CLANG_WARN_NON_LITERAL_NULL_CONVERSION = YES;
				CLANG_WARN_OBJC_IMPLICIT_RETAIN_SELF = YES;
				CLANG_WARN_OBJC_LITERAL_CONVERSION = YES;
				CLANG_WARN_OBJC_ROOT_CLASS = YES_ERROR;
				CLANG_WARN_QUOTED_INCLUDE_IN_FRAMEWORK_HEADER = YES;
				CLANG_WARN_RANGE_LOOP_ANALYSIS = YES;
				CLANG_WARN_STRICT_PROTOTYPES = YES;
				CLANG_WARN_SUSPICIOUS_MOVE = YES;
				CLANG_WARN_UNGUARDED_AVAILABILITY = YES_AGGRESSIVE;
				CLANG_WARN_UNREACHABLE_CODE = YES;
				CLANG_WARN__DUPLICATE_METHOD_MATCH = YES;
				COPY_PHASE_STRIP = NO;
				DEBUG_INFORMATION_FORMAT = dwarf;
				ENABLE_STRICT_OBJC_MSGSEND = YES;
				ENABLE_TESTABILITY = YES;
				GCC_C_LANGUAGE_STANDARD = gnu11;
				GCC_DYNAMIC_NO_PIC = NO;
				GCC_NO_COMMON_BLOCKS = YES;
				GCC_OPTIMIZATION_LEVEL = 0;
				GCC_PREPROCESSOR_DEFINITIONS = (
					"DEBUG=1",
					"$(inherited)",
				);
				GCC_WARN_64_TO_32_BIT_CONVERSION = YES;
				GCC_WARN_ABOUT_RETURN_TYPE = YES_ERROR;
				GCC_WARN_UNDECLARED_SELECTOR = YES;
				GCC_WARN_UNINITIALIZED_AUTOS = YES_AGGRESSIVE;
				GCC_WARN_UNUSED_FUNCTION = YES;
				GCC_WARN_UNUSED_VARIABLE = YES;
				MACOSX_DEPLOYMENT_TARGET = 12.3;
				MTL_ENABLE_DEBUG_INFO = INCLUDE_SOURCE;
				MTL_FAST_MATH = YES;
				ONLY_ACTIVE_ARCH = YES;
				SDKROOT = macosx;
				SWIFT_ACTIVE_COMPILATION_CONDITIONS = DEBUG;
				SWIFT_OPTIMIZATION_LEVEL = "-Onone";
			};
			name = Debug;
		};
		CE1CF4C42974E57A00259F96 /* Release */ = {
			isa = XCBuildConfiguration;
			buildSettings = {
				ALWAYS_SEARCH_USER_PATHS = NO;
				CLANG_ANALYZER_NONNULL = YES;
				CLANG_ANALYZER_NUMBER_OBJECT_CONVERSION = YES_AGGRESSIVE;
				CLANG_CXX_LANGUAGE_STANDARD = "gnu++20";
				CLANG_ENABLE_MODULES = YES;
				CLANG_ENABLE_OBJC_ARC = YES;
				CLANG_ENABLE_OBJC_WEAK = YES;
				CLANG_WARN_BLOCK_CAPTURE_AUTORELEASING = YES;
				CLANG_WARN_BOOL_CONVERSION = YES;
				CLANG_WARN_COMMA = YES;
				CLANG_WARN_CONSTANT_CONVERSION = YES;
				CLANG_WARN_DEPRECATED_OBJC_IMPLEMENTATIONS = YES;
				CLANG_WARN_DIRECT_OBJC_ISA_USAGE = YES_ERROR;
				CLANG_WARN_DOCUMENTATION_COMMENTS = YES;
				CLANG_WARN_EMPTY_BODY = YES;
				CLANG_WARN_ENUM_CONVERSION = YES;
				CLANG_WARN_INFINITE_RECURSION = YES;
				CLANG_WARN_INT_CONVERSION = YES;
				CLANG_WARN_NON_LITERAL_NULL_CONVERSION = YES;
				CLANG_WARN_OBJC_IMPLICIT_RETAIN_SELF = YES;
				CLANG_WARN_OBJC_LITERAL_CONVERSION = YES;
				CLANG_WARN_OBJC_ROOT_CLASS = YES_ERROR;
				CLANG_WARN_QUOTED_INCLUDE_IN_FRAMEWORK_HEADER = YES;
				CLANG_WARN_RANGE_LOOP_ANALYSIS = YES;
				CLANG_WARN_STRICT_PROTOTYPES = YES;
				CLANG_WARN_SUSPICIOUS_MOVE = YES;
				CLANG_WARN_UNGUARDED_AVAILABILITY = YES_AGGRESSIVE;
				CLANG_WARN_UNREACHABLE_CODE = YES;
				CLANG_WARN__DUPLICATE_METHOD_MATCH = YES;
				COPY_PHASE_STRIP = NO;
				DEBUG_INFORMATION_FORMAT = "dwarf-with-dsym";
				ENABLE_NS_ASSERTIONS = NO;
				ENABLE_STRICT_OBJC_MSGSEND = YES;
				GCC_C_LANGUAGE_STANDARD = gnu11;
				GCC_NO_COMMON_BLOCKS = YES;
				GCC_WARN_64_TO_32_BIT_CONVERSION = YES;
				GCC_WARN_ABOUT_RETURN_TYPE = YES_ERROR;
				GCC_WARN_UNDECLARED_SELECTOR = YES;
				GCC_WARN_UNINITIALIZED_AUTOS = YES_AGGRESSIVE;
				GCC_WARN_UNUSED_FUNCTION = YES;
				GCC_WARN_UNUSED_VARIABLE = YES;
				MACOSX_DEPLOYMENT_TARGET = 12.3;
				MTL_ENABLE_DEBUG_INFO = NO;
				MTL_FAST_MATH = YES;
				SDKROOT = macosx;
				SWIFT_COMPILATION_MODE = wholemodule;
				SWIFT_OPTIMIZATION_LEVEL = "-O";
			};
			name = Release;
		};
		CE1CF4C62974E57A00259F96 /* Debug */ = {
			isa = XCBuildConfiguration;
			buildSettings = {
				CODE_SIGN_STYLE = Automatic;
				PRODUCT_NAME = "$(TARGET_NAME)";
				SWIFT_VERSION = 5.0;
			};
			name = Debug;
		};
		CE1CF4C72974E57A00259F96 /* Release */ = {
			isa = XCBuildConfiguration;
			buildSettings = {
				CODE_SIGN_STYLE = Automatic;
				PRODUCT_NAME = "$(TARGET_NAME)";
				SWIFT_VERSION = 5.0;
			};
			name = Release;
		};
/* End XCBuildConfiguration section */

/* Begin XCConfigurationList section */
		CE1CF4B92974E57A00259F96 /* Build configuration list for PBXProject "Command" */ = {
			isa = XCConfigurationList;
			buildConfigurations = (
				CE1CF4C32974E57A00259F96 /* Debug */,
				CE1CF4C42974E57A00259F96 /* Release */,
			);
			defaultConfigurationIsVisible = 0;
			defaultConfigurationName = Release;
		};
		CE1CF4C52974E57A00259F96 /* Build configuration list for PBXNativeTarget "Command" */ = {
			isa = XCConfigurationList;
			buildConfigurations = (
				CE1CF4C62974E57A00259F96 /* Debug */,
				CE1CF4C72974E57A00259F96 /* Release */,
			);
			defaultConfigurationIsVisible = 0;
			defaultConfigurationName = Release;
		};
/* End XCConfigurationList section */
	};
	rootObject = CE1CF4B62974E57A00259F96 /* Project object */;
}
